Microsoft Visual Studio Solution File, Format Version 11.00
# Visual Studio 2008

Project("{42991BEC-095E-9ACD-7E1A-F05792618859}") = "Stardom4", "Assembly-CSharp-firstpass-vs.csproj", "{C5F1EEB3-C33C-848C-12AA-6F4A4BEAC1A3}"
EndProject
Project("{42991BEC-095E-9ACD-7E1A-F05792618859}") = "Stardom4", "Assembly-CSharp-vs.csproj", "{2E1EA81E-D19B-4922-D3DB-86C0CAD867D2}"
EndProject
Global
	GlobalSection(SolutionConfigurationPlatforms) = preSolution
		Debug|Any CPU = Debug|Any CPU
		Release|Any CPU = Release|Any CPU
	EndGlobalSection
	GlobalSection(ProjectConfigurationPlatforms) = postSolution
		{C5F1EEB3-C33C-848C-12AA-6F4A4BEAC1A3}.Debug|Any CPU.ActiveCfg = Debug|Any CPU
		{C5F1EEB3-C33C-848C-12AA-6F4A4BEAC1A3}.Debug|Any CPU.Build.0 = Debug|Any CPU
		{C5F1EEB3-C33C-848C-12AA-6F4A4BEAC1A3}.Release|Any CPU.ActiveCfg = Release|Any CPU
		{C5F1EEB3-C33C-848C-12AA-6F4A4BEAC1A3}.Release|Any CPU.Build.0 = Release|Any CPU
		{2E1EA81E-D19B-4922-D3DB-86C0CAD867D2}.Debug|Any CPU.ActiveCfg = Debug|Any CPU
		{2E1EA81E-D19B-4922-D3DB-86C0CAD867D2}.Debug|Any CPU.Build.0 = Debug|Any CPU
		{2E1EA81E-D19B-4922-D3DB-86C0CAD867D2}.Release|Any CPU.ActiveCfg = Release|Any CPU
		{2E1EA81E-D19B-4922-D3DB-86C0CAD867D2}.Release|Any CPU.Build.0 = Release|Any CPU
	EndGlobalSection
	GlobalSection(SolutionProperties) = preSolution
		HideSolutionNode = FALSE
	EndGlobalSection
			GlobalSection(MonoDevelopProperties) = preSolution
		StartupItem = Assembly-CSharp.csproj
		Policies = $0
		$0.TextStylePolicy = $1
		$1.inheritsSet = null
		$1.scope = text/x-csharp
		$0.CSharpFormattingPolicy = $2
		$2.inheritsSet = Mono
		$2.inheritsScope = text/x-csharp
		$2.scope = text/x-csharp
		$0.TextStylePolicy = $3
		$3.FileWidth = 120
		$3.TabWidth = 4
		$3.IndentWidth = 4
		$3.EolMarker = Unix
		$3.inheritsSet = Mono
		$3.inheritsScope = text/plain
		$3.scope = text/plain
	EndGlobalSection

EndGlobal
